
Microsoft Visual Studio Solution File, Format Version 10.00
# Visual Studio 2008
Project("{8BC9CEB8-8B4A-11D0-8D11-00A0C91BC942}") = "Scene-Graph", "Scene-Graph.vcproj", "{ECFA3896-A39E-44A3-9D3D-ED02B1E50ABB}"
EndProject
Global
	GlobalSection(SolutionConfigurationPlatforms) = preSolution
		Debug|Win32 = Debug|Win32
		Release|Win32 = Release|Win32
	EndGlobalSection
	GlobalSection(ProjectConfigurationPlatforms) = postSolution
		{ECFA3896-A39E-44A3-9D3D-ED02B1E50ABB}.Debug|Win32.ActiveCfg = Debug|Win32
		{ECFA3896-A39E-44A3-9D3D-ED02B1E50ABB}.Debug|Win32.Build.0 = Debug|Win32
		{ECFA3896-A39E-44A3-9D3D-ED02B1E50ABB}.Release|Win32.ActiveCfg = Release|Win32
		{ECFA3896-A39E-44A3-9D3D-ED02B1E50ABB}.Release|Win32.Build.0 = Release|Win32
	EndGlobalSection
	GlobalSection(SolutionProperties) = preSolution
		HideSolutionNode = FALSE
	EndGlobalSection
EndGlobal
