
Microsoft Visual Studio Solution File, Format Version 12.00
# Visual Studio 2012
Project("{8BC9CEB8-8B4A-11D0-8D11-00A0C91BC942}") = "House", "House\House.vcxproj", "{726D2695-C751-4377-A9C7-86616DE178D5}"
EndProject
Project("{8BC9CEB8-8B4A-11D0-8D11-00A0C91BC942}") = "Rotating-Rectangles", "Rotating-Rectangles\Rotating-Rectangles.vcxproj", "{A9369CC2-84AA-4F2D-B7AF-056CC77E1588}"
EndProject
Project("{8BC9CEB8-8B4A-11D0-8D11-00A0C91BC942}") = "Rubber-Bands", "Rubber-Bands\Rubber-Bands.vcxproj", "{A83EA719-E6C6-404A-9E8E-489520B88E35}"
EndProject
Project("{8BC9CEB8-8B4A-11D0-8D11-00A0C91BC942}") = "Polyfill", "Polyfill\Polyfill.vcxproj", "{6BFDBABD-060C-41F6-A860-74F98C5F382A}"
EndProject
Project("{8BC9CEB8-8B4A-11D0-8D11-00A0C91BC942}") = "Draw", "Draw\Draw.vcxproj", "{9D977D40-73AF-4DA3-ABA5-A2A55BE74FE6}"
EndProject
Project("{8BC9CEB8-8B4A-11D0-8D11-00A0C91BC942}") = "Fractal-Noise", "Fractal-Noise\Fractal-Noise.vcxproj", "{36F2728D-1303-45FC-AA0E-5E5BB4189ED5}"
EndProject
Project("{8BC9CEB8-8B4A-11D0-8D11-00A0C91BC942}") = "Roller-Bumper", "Roller-Bumper\Roller-Bumper.vcxproj", "{3A03C382-8245-45CC-801D-3504FC491D03}"
EndProject
Project("{8BC9CEB8-8B4A-11D0-8D11-00A0C91BC942}") = "Terrain", "Terrain\Terrain.vcxproj", "{C0AC41CC-32D6-4CE5-935E-221D9DF51D06}"
EndProject
Project("{8BC9CEB8-8B4A-11D0-8D11-00A0C91BC942}") = "Array-Track", "Array-Track\Array-Track.vcxproj", "{8AAFA1FD-A400-4737-8E37-51F261541C8D}"
EndProject
Project("{8BC9CEB8-8B4A-11D0-8D11-00A0C91BC942}") = "Blending", "Blending\Blending.vcxproj", "{E2327575-D8A0-41EF-90B2-CA7442195060}"
EndProject
Project("{8BC9CEB8-8B4A-11D0-8D11-00A0C91BC942}") = "Color", "Color\Color.vcxproj", "{2ED62AE7-F95D-4E34-8499-DD1BDB354602}"
EndProject
Project("{8BC9CEB8-8B4A-11D0-8D11-00A0C91BC942}") = "Cube-Angle-Axis", "Cube-Angle-Axis\Cube-Angle-Axis.vcxproj", "{F0513F09-3871-422F-90B7-E5BD75918B44}"
EndProject
Project("{8BC9CEB8-8B4A-11D0-8D11-00A0C91BC942}") = "Cube-Euler", "Cube-Euler\Cube-Euler.vcxproj", "{48CC2A1A-5DBB-4231-BA88-8B3F2772FA51}"
EndProject
Project("{8BC9CEB8-8B4A-11D0-8D11-00A0C91BC942}") = "Cube-Local", "Cube-Local\Cube-Local.vcxproj", "{46008466-C34F-4FFD-92A6-1914A6F82A7E}"
EndProject
Project("{8BC9CEB8-8B4A-11D0-8D11-00A0C91BC942}") = "Cube-Projection", "Cube-Projection\Cube-Projection.vcxproj", "{91F705F0-F9B0-48D4-82D9-D431182C1B4D}"
EndProject
Project("{8BC9CEB8-8B4A-11D0-8D11-00A0C91BC942}") = "Cube-Viewport", "Cube-Viewport\Cube-Viewport.vcxproj", "{8D67D422-1613-46CB-8A58-F0F61B516CE2}"
EndProject
Project("{8BC9CEB8-8B4A-11D0-8D11-00A0C91BC942}") = "Cube-World", "Cube-World\Cube-World.vcxproj", "{2ED8B4B7-8F0D-4235-958D-5855630438B6}"
EndProject
Project("{8BC9CEB8-8B4A-11D0-8D11-00A0C91BC942}") = "Glu-Cylinder", "Glu-Cylinder\Glu-Cylinder.vcxproj", "{6D9A8161-3E14-44CC-8944-537A552579F9}"
EndProject
Project("{8BC9CEB8-8B4A-11D0-8D11-00A0C91BC942}") = "Glu-Sphere", "Glu-Sphere\Glu-Sphere.vcxproj", "{96CB343A-DBA4-4CD9-A194-D5A5C92C5FC0}"
EndProject
Project("{8BC9CEB8-8B4A-11D0-8D11-00A0C91BC942}") = "Glut-Torus", "Glut-Torus\Glut-Torus.vcxproj", "{7797C2AC-5F9D-4C90-98F1-C135CFED5653}"
EndProject
Project("{8BC9CEB8-8B4A-11D0-8D11-00A0C91BC942}") = "Lighting", "Lighting\Lighting.vcxproj", "{470650EE-F483-40AE-9084-C6CEEF23402C}"
EndProject
Project("{8BC9CEB8-8B4A-11D0-8D11-00A0C91BC942}") = "Materials", "Materials\Materials.vcxproj", "{09A048DC-304D-49C1-915F-3500CD6FE8AB}"
EndProject
Project("{8BC9CEB8-8B4A-11D0-8D11-00A0C91BC942}") = "Nurbs-Editor", "Nurbs-Editor\Nurbs-Editor.vcxproj", "{6438B224-3B5E-4212-82D1-BABA256721A2}"
EndProject
Project("{8BC9CEB8-8B4A-11D0-8D11-00A0C91BC942}") = "Planets", "Planets\Planets.vcxproj", "{CA69A02D-885E-4622-94A5-A6110D07C858}"
EndProject
Project("{8BC9CEB8-8B4A-11D0-8D11-00A0C91BC942}") = "Robot", "Robot\Robot.vcxproj", "{351EAA84-6E30-4CBF-9C8E-CBE0CB665526}"
EndProject
Project("{8BC9CEB8-8B4A-11D0-8D11-00A0C91BC942}") = "Shading", "Shading\Shading.vcxproj", "{18031E81-8887-47A3-BA4A-E69706EE6683}"
EndProject
Project("{8BC9CEB8-8B4A-11D0-8D11-00A0C91BC942}") = "Texture", "Texture\Texture.vcxproj", "{F2CA1ADE-8B31-41D4-8BED-21234B7E2639}"
EndProject
Project("{8BC9CEB8-8B4A-11D0-8D11-00A0C91BC942}") = "Tree", "Tree\Tree.vcxproj", "{FA3BC355-DB71-42D5-BAE6-ABECEE76CED0}"
EndProject
Project("{8BC9CEB8-8B4A-11D0-8D11-00A0C91BC942}") = "Picking-Flat", "Picking-Flat\Picking-Flat.vcxproj", "{AB4973D3-FCEF-4036-A4E5-E6D9C6F4D3DC}"
EndProject
Project("{8BC9CEB8-8B4A-11D0-8D11-00A0C91BC942}") = "Picking-Hierarchic", "Picking-Hierarchic\Picking-Hierarchic.vcxproj", "{6A79B147-023E-477E-AAF7-0316AC3B86BE}"
EndProject
Project("{8BC9CEB8-8B4A-11D0-8D11-00A0C91BC942}") = "Scene-Graph", "Scene-Graph\Scene-Graph.vcxproj", "{8956425B-75B3-47B8-B6F4-7DAF54070153}"
EndProject
Global
	GlobalSection(SolutionConfigurationPlatforms) = preSolution
		Debug|Win32 = Debug|Win32
		Release|Win32 = Release|Win32
	EndGlobalSection
	GlobalSection(ProjectConfigurationPlatforms) = postSolution
		{726D2695-C751-4377-A9C7-86616DE178D5}.Debug|Win32.ActiveCfg = Debug|Win32
		{726D2695-C751-4377-A9C7-86616DE178D5}.Debug|Win32.Build.0 = Debug|Win32
		{726D2695-C751-4377-A9C7-86616DE178D5}.Release|Win32.ActiveCfg = Release|Win32
		{726D2695-C751-4377-A9C7-86616DE178D5}.Release|Win32.Build.0 = Release|Win32
		{A9369CC2-84AA-4F2D-B7AF-056CC77E1588}.Debug|Win32.ActiveCfg = Debug|Win32
		{A9369CC2-84AA-4F2D-B7AF-056CC77E1588}.Debug|Win32.Build.0 = Debug|Win32
		{A9369CC2-84AA-4F2D-B7AF-056CC77E1588}.Release|Win32.ActiveCfg = Release|Win32
		{A9369CC2-84AA-4F2D-B7AF-056CC77E1588}.Release|Win32.Build.0 = Release|Win32
		{A83EA719-E6C6-404A-9E8E-489520B88E35}.Debug|Win32.ActiveCfg = Debug|Win32
		{A83EA719-E6C6-404A-9E8E-489520B88E35}.Debug|Win32.Build.0 = Debug|Win32
		{A83EA719-E6C6-404A-9E8E-489520B88E35}.Release|Win32.ActiveCfg = Release|Win32
		{A83EA719-E6C6-404A-9E8E-489520B88E35}.Release|Win32.Build.0 = Release|Win32
		{6BFDBABD-060C-41F6-A860-74F98C5F382A}.Debug|Win32.ActiveCfg = Debug|Win32
		{6BFDBABD-060C-41F6-A860-74F98C5F382A}.Debug|Win32.Build.0 = Debug|Win32
		{6BFDBABD-060C-41F6-A860-74F98C5F382A}.Release|Win32.ActiveCfg = Release|Win32
		{6BFDBABD-060C-41F6-A860-74F98C5F382A}.Release|Win32.Build.0 = Release|Win32
		{9D977D40-73AF-4DA3-ABA5-A2A55BE74FE6}.Debug|Win32.ActiveCfg = Debug|Win32
		{9D977D40-73AF-4DA3-ABA5-A2A55BE74FE6}.Debug|Win32.Build.0 = Debug|Win32
		{9D977D40-73AF-4DA3-ABA5-A2A55BE74FE6}.Release|Win32.ActiveCfg = Release|Win32
		{9D977D40-73AF-4DA3-ABA5-A2A55BE74FE6}.Release|Win32.Build.0 = Release|Win32
		{36F2728D-1303-45FC-AA0E-5E5BB4189ED5}.Debug|Win32.ActiveCfg = Debug|Win32
		{36F2728D-1303-45FC-AA0E-5E5BB4189ED5}.Debug|Win32.Build.0 = Debug|Win32
		{36F2728D-1303-45FC-AA0E-5E5BB4189ED5}.Release|Win32.ActiveCfg = Release|Win32
		{36F2728D-1303-45FC-AA0E-5E5BB4189ED5}.Release|Win32.Build.0 = Release|Win32
		{3A03C382-8245-45CC-801D-3504FC491D03}.Debug|Win32.ActiveCfg = Debug|Win32
		{3A03C382-8245-45CC-801D-3504FC491D03}.Debug|Win32.Build.0 = Debug|Win32
		{3A03C382-8245-45CC-801D-3504FC491D03}.Release|Win32.ActiveCfg = Release|Win32
		{3A03C382-8245-45CC-801D-3504FC491D03}.Release|Win32.Build.0 = Release|Win32
		{C0AC41CC-32D6-4CE5-935E-221D9DF51D06}.Debug|Win32.ActiveCfg = Debug|Win32
		{C0AC41CC-32D6-4CE5-935E-221D9DF51D06}.Debug|Win32.Build.0 = Debug|Win32
		{C0AC41CC-32D6-4CE5-935E-221D9DF51D06}.Release|Win32.ActiveCfg = Release|Win32
		{C0AC41CC-32D6-4CE5-935E-221D9DF51D06}.Release|Win32.Build.0 = Release|Win32
		{8AAFA1FD-A400-4737-8E37-51F261541C8D}.Debug|Win32.ActiveCfg = Debug|Win32
		{8AAFA1FD-A400-4737-8E37-51F261541C8D}.Debug|Win32.Build.0 = Debug|Win32
		{8AAFA1FD-A400-4737-8E37-51F261541C8D}.Release|Win32.ActiveCfg = Release|Win32
		{8AAFA1FD-A400-4737-8E37-51F261541C8D}.Release|Win32.Build.0 = Release|Win32
		{E2327575-D8A0-41EF-90B2-CA7442195060}.Debug|Win32.ActiveCfg = Debug|Win32
		{E2327575-D8A0-41EF-90B2-CA7442195060}.Debug|Win32.Build.0 = Debug|Win32
		{E2327575-D8A0-41EF-90B2-CA7442195060}.Release|Win32.ActiveCfg = Release|Win32
		{E2327575-D8A0-41EF-90B2-CA7442195060}.Release|Win32.Build.0 = Release|Win32
		{2ED62AE7-F95D-4E34-8499-DD1BDB354602}.Debug|Win32.ActiveCfg = Debug|Win32
		{2ED62AE7-F95D-4E34-8499-DD1BDB354602}.Debug|Win32.Build.0 = Debug|Win32
		{2ED62AE7-F95D-4E34-8499-DD1BDB354602}.Release|Win32.ActiveCfg = Release|Win32
		{2ED62AE7-F95D-4E34-8499-DD1BDB354602}.Release|Win32.Build.0 = Release|Win32
		{F0513F09-3871-422F-90B7-E5BD75918B44}.Debug|Win32.ActiveCfg = Debug|Win32
		{F0513F09-3871-422F-90B7-E5BD75918B44}.Debug|Win32.Build.0 = Debug|Win32
		{F0513F09-3871-422F-90B7-E5BD75918B44}.Release|Win32.ActiveCfg = Release|Win32
		{F0513F09-3871-422F-90B7-E5BD75918B44}.Release|Win32.Build.0 = Release|Win32
		{48CC2A1A-5DBB-4231-BA88-8B3F2772FA51}.Debug|Win32.ActiveCfg = Debug|Win32
		{48CC2A1A-5DBB-4231-BA88-8B3F2772FA51}.Debug|Win32.Build.0 = Debug|Win32
		{48CC2A1A-5DBB-4231-BA88-8B3F2772FA51}.Release|Win32.ActiveCfg = Release|Win32
		{48CC2A1A-5DBB-4231-BA88-8B3F2772FA51}.Release|Win32.Build.0 = Release|Win32
		{46008466-C34F-4FFD-92A6-1914A6F82A7E}.Debug|Win32.ActiveCfg = Debug|Win32
		{46008466-C34F-4FFD-92A6-1914A6F82A7E}.Debug|Win32.Build.0 = Debug|Win32
		{46008466-C34F-4FFD-92A6-1914A6F82A7E}.Release|Win32.ActiveCfg = Release|Win32
		{46008466-C34F-4FFD-92A6-1914A6F82A7E}.Release|Win32.Build.0 = Release|Win32
		{91F705F0-F9B0-48D4-82D9-D431182C1B4D}.Debug|Win32.ActiveCfg = Debug|Win32
		{91F705F0-F9B0-48D4-82D9-D431182C1B4D}.Debug|Win32.Build.0 = Debug|Win32
		{91F705F0-F9B0-48D4-82D9-D431182C1B4D}.Release|Win32.ActiveCfg = Release|Win32
		{91F705F0-F9B0-48D4-82D9-D431182C1B4D}.Release|Win32.Build.0 = Release|Win32
		{8D67D422-1613-46CB-8A58-F0F61B516CE2}.Debug|Win32.ActiveCfg = Debug|Win32
		{8D67D422-1613-46CB-8A58-F0F61B516CE2}.Debug|Win32.Build.0 = Debug|Win32
		{8D67D422-1613-46CB-8A58-F0F61B516CE2}.Release|Win32.ActiveCfg = Release|Win32
		{8D67D422-1613-46CB-8A58-F0F61B516CE2}.Release|Win32.Build.0 = Release|Win32
		{2ED8B4B7-8F0D-4235-958D-5855630438B6}.Debug|Win32.ActiveCfg = Debug|Win32
		{2ED8B4B7-8F0D-4235-958D-5855630438B6}.Debug|Win32.Build.0 = Debug|Win32
		{2ED8B4B7-8F0D-4235-958D-5855630438B6}.Release|Win32.ActiveCfg = Release|Win32
		{2ED8B4B7-8F0D-4235-958D-5855630438B6}.Release|Win32.Build.0 = Release|Win32
		{6D9A8161-3E14-44CC-8944-537A552579F9}.Debug|Win32.ActiveCfg = Debug|Win32
		{6D9A8161-3E14-44CC-8944-537A552579F9}.Debug|Win32.Build.0 = Debug|Win32
		{6D9A8161-3E14-44CC-8944-537A552579F9}.Release|Win32.ActiveCfg = Release|Win32
		{6D9A8161-3E14-44CC-8944-537A552579F9}.Release|Win32.Build.0 = Release|Win32
		{96CB343A-DBA4-4CD9-A194-D5A5C92C5FC0}.Debug|Win32.ActiveCfg = Debug|Win32
		{96CB343A-DBA4-4CD9-A194-D5A5C92C5FC0}.Debug|Win32.Build.0 = Debug|Win32
		{96CB343A-DBA4-4CD9-A194-D5A5C92C5FC0}.Release|Win32.ActiveCfg = Release|Win32
		{96CB343A-DBA4-4CD9-A194-D5A5C92C5FC0}.Release|Win32.Build.0 = Release|Win32
		{7797C2AC-5F9D-4C90-98F1-C135CFED5653}.Debug|Win32.ActiveCfg = Debug|Win32
		{7797C2AC-5F9D-4C90-98F1-C135CFED5653}.Debug|Win32.Build.0 = Debug|Win32
		{7797C2AC-5F9D-4C90-98F1-C135CFED5653}.Release|Win32.ActiveCfg = Release|Win32
		{7797C2AC-5F9D-4C90-98F1-C135CFED5653}.Release|Win32.Build.0 = Release|Win32
		{470650EE-F483-40AE-9084-C6CEEF23402C}.Debug|Win32.ActiveCfg = Debug|Win32
		{470650EE-F483-40AE-9084-C6CEEF23402C}.Debug|Win32.Build.0 = Debug|Win32
		{470650EE-F483-40AE-9084-C6CEEF23402C}.Release|Win32.ActiveCfg = Release|Win32
		{470650EE-F483-40AE-9084-C6CEEF23402C}.Release|Win32.Build.0 = Release|Win32
		{09A048DC-304D-49C1-915F-3500CD6FE8AB}.Debug|Win32.ActiveCfg = Debug|Win32
		{09A048DC-304D-49C1-915F-3500CD6FE8AB}.Debug|Win32.Build.0 = Debug|Win32
		{09A048DC-304D-49C1-915F-3500CD6FE8AB}.Release|Win32.ActiveCfg = Release|Win32
		{09A048DC-304D-49C1-915F-3500CD6FE8AB}.Release|Win32.Build.0 = Release|Win32
		{6438B224-3B5E-4212-82D1-BABA256721A2}.Debug|Win32.ActiveCfg = Debug|Win32
		{6438B224-3B5E-4212-82D1-BABA256721A2}.Debug|Win32.Build.0 = Debug|Win32
		{6438B224-3B5E-4212-82D1-BABA256721A2}.Release|Win32.ActiveCfg = Release|Win32
		{6438B224-3B5E-4212-82D1-BABA256721A2}.Release|Win32.Build.0 = Release|Win32
		{CA69A02D-885E-4622-94A5-A6110D07C858}.Debug|Win32.ActiveCfg = Debug|Win32
		{CA69A02D-885E-4622-94A5-A6110D07C858}.Debug|Win32.Build.0 = Debug|Win32
		{CA69A02D-885E-4622-94A5-A6110D07C858}.Release|Win32.ActiveCfg = Release|Win32
		{CA69A02D-885E-4622-94A5-A6110D07C858}.Release|Win32.Build.0 = Release|Win32
		{351EAA84-6E30-4CBF-9C8E-CBE0CB665526}.Debug|Win32.ActiveCfg = Debug|Win32
		{351EAA84-6E30-4CBF-9C8E-CBE0CB665526}.Debug|Win32.Build.0 = Debug|Win32
		{351EAA84-6E30-4CBF-9C8E-CBE0CB665526}.Release|Win32.ActiveCfg = Release|Win32
		{351EAA84-6E30-4CBF-9C8E-CBE0CB665526}.Release|Win32.Build.0 = Release|Win32
		{18031E81-8887-47A3-BA4A-E69706EE6683}.Debug|Win32.ActiveCfg = Debug|Win32
		{18031E81-8887-47A3-BA4A-E69706EE6683}.Debug|Win32.Build.0 = Debug|Win32
		{18031E81-8887-47A3-BA4A-E69706EE6683}.Release|Win32.ActiveCfg = Release|Win32
		{18031E81-8887-47A3-BA4A-E69706EE6683}.Release|Win32.Build.0 = Release|Win32
		{F2CA1ADE-8B31-41D4-8BED-21234B7E2639}.Debug|Win32.ActiveCfg = Debug|Win32
		{F2CA1ADE-8B31-41D4-8BED-21234B7E2639}.Debug|Win32.Build.0 = Debug|Win32
		{F2CA1ADE-8B31-41D4-8BED-21234B7E2639}.Release|Win32.ActiveCfg = Release|Win32
		{F2CA1ADE-8B31-41D4-8BED-21234B7E2639}.Release|Win32.Build.0 = Release|Win32
		{FA3BC355-DB71-42D5-BAE6-ABECEE76CED0}.Debug|Win32.ActiveCfg = Debug|Win32
		{FA3BC355-DB71-42D5-BAE6-ABECEE76CED0}.Debug|Win32.Build.0 = Debug|Win32
		{FA3BC355-DB71-42D5-BAE6-ABECEE76CED0}.Release|Win32.ActiveCfg = Release|Win32
		{FA3BC355-DB71-42D5-BAE6-ABECEE76CED0}.Release|Win32.Build.0 = Release|Win32
		{AB4973D3-FCEF-4036-A4E5-E6D9C6F4D3DC}.Debug|Win32.ActiveCfg = Debug|Win32
		{AB4973D3-FCEF-4036-A4E5-E6D9C6F4D3DC}.Debug|Win32.Build.0 = Debug|Win32
		{AB4973D3-FCEF-4036-A4E5-E6D9C6F4D3DC}.Release|Win32.ActiveCfg = Release|Win32
		{AB4973D3-FCEF-4036-A4E5-E6D9C6F4D3DC}.Release|Win32.Build.0 = Release|Win32
		{6A79B147-023E-477E-AAF7-0316AC3B86BE}.Debug|Win32.ActiveCfg = Debug|Win32
		{6A79B147-023E-477E-AAF7-0316AC3B86BE}.Debug|Win32.Build.0 = Debug|Win32
		{6A79B147-023E-477E-AAF7-0316AC3B86BE}.Release|Win32.ActiveCfg = Release|Win32
		{6A79B147-023E-477E-AAF7-0316AC3B86BE}.Release|Win32.Build.0 = Release|Win32
		{8956425B-75B3-47B8-B6F4-7DAF54070153}.Debug|Win32.ActiveCfg = Debug|Win32
		{8956425B-75B3-47B8-B6F4-7DAF54070153}.Debug|Win32.Build.0 = Debug|Win32
		{8956425B-75B3-47B8-B6F4-7DAF54070153}.Release|Win32.ActiveCfg = Release|Win32
		{8956425B-75B3-47B8-B6F4-7DAF54070153}.Release|Win32.Build.0 = Release|Win32
	EndGlobalSection
	GlobalSection(SolutionProperties) = preSolution
		HideSolutionNode = FALSE
	EndGlobalSection
EndGlobal
